
Microsoft Visual Studio Solution File, Format Version 12.00
# Visual Studio 15
VisualStudioVersion = 15.0.28010.2050
MinimumVisualStudioVersion = 10.0.40219.1
Project("{FAE04EC0-301F-11D3-BF4B-00C04F79EFBC}") = "ProjectV3", "ProjectV3\ProjectV3.csproj", "{BA968E27-900D-4E54-B260-8BC490684EBC}"
EndProject
Global
	GlobalSection(SolutionConfigurationPlatforms) = preSolution
		Debug|Any CPU = Debug|Any CPU
		Release|Any CPU = Release|Any CPU
	EndGlobalSection
	GlobalSection(ProjectConfigurationPlatforms) = postSolution
		{BA968E27-900D-4E54-B260-8BC490684EBC}.Debug|Any CPU.ActiveCfg = Debug|Any CPU
		{BA968E27-900D-4E54-B260-8BC490684EBC}.Debug|Any CPU.Build.0 = Debug|Any CPU
		{BA968E27-900D-4E54-B260-8BC490684EBC}.Release|Any CPU.ActiveCfg = Release|Any CPU
		{BA968E27-900D-4E54-B260-8BC490684EBC}.Release|Any CPU.Build.0 = Release|Any CPU
	EndGlobalSection
	GlobalSection(SolutionProperties) = preSolution
		HideSolutionNode = FALSE
	EndGlobalSection
	GlobalSection(ExtensibilityGlobals) = postSolution
		SolutionGuid = {28C5A146-E78E-4532-BBA5-68808F0B6A3D}
	EndGlobalSection
EndGlobal
